
Microsoft Visual Studio Solution File, Format Version 12.00
# Visual Studio Version 17
VisualStudioVersion = 17.13.35825.156 d17.13
MinimumVisualStudioVersion = 10.0.40219.1
Project("{FAE04EC0-301F-11D3-BF4B-00C04F79EFBC}") = "Scrud", "Scrud\Scrud.csproj", "{FA3C70C8-EF0C-4655-B54E-BC84C040D05D}"
EndProject
Global
	GlobalSection(SolutionConfigurationPlatforms) = preSolution
		Debug|Any CPU = Debug|Any CPU
		Release|Any CPU = Release|Any CPU
	EndGlobalSection
	GlobalSection(ProjectConfigurationPlatforms) = postSolution
		{FA3C70C8-EF0C-4655-B54E-BC84C040D05D}.Debug|Any CPU.ActiveCfg = Debug|Any CPU
		{FA3C70C8-EF0C-4655-B54E-BC84C040D05D}.Debug|Any CPU.Build.0 = Debug|Any CPU
		{FA3C70C8-EF0C-4655-B54E-BC84C040D05D}.Release|Any CPU.ActiveCfg = Release|Any CPU
		{FA3C70C8-EF0C-4655-B54E-BC84C040D05D}.Release|Any CPU.Build.0 = Release|Any CPU
	EndGlobalSection
	GlobalSection(SolutionProperties) = preSolution
		HideSolutionNode = FALSE
	EndGlobalSection
	GlobalSection(ExtensibilityGlobals) = postSolution
		SolutionGuid = {D1B1CE91-3914-470C-8CC2-1237702E907F}
	EndGlobalSection
EndGlobal
